// !$*UTF8*$!
{
	archiveVersion = 1;
	classes = {
	};
	objectVersion = 56;
	objects = {

/* Begin PBXBuildFile section */
		1753939805DF09F18CC394BA /* Pods_MVVM_simple.framework in Frameworks */ = {isa = PBXBuildFile; fileRef = B9B89070D5BC70BDD2103CFF /* Pods_MVVM_simple.framework */; };
		7F31E7C929D876EF008CD5C1 /* AppDelegate.swift in Sources */ = {isa = PBXBuildFile; fileRef = 7F31E7C829D876EF008CD5C1 /* AppDelegate.swift */; };
		7F31E7CB29D876EF008CD5C1 /* SceneDelegate.swift in Sources */ = {isa = PBXBuildFile; fileRef = 7F31E7CA29D876EF008CD5C1 /* SceneDelegate.swift */; };
		7F31E7CD29D876EF008CD5C1 /* ViewController.swift in Sources */ = {isa = PBXBuildFile; fileRef = 7F31E7CC29D876EF008CD5C1 /* ViewController.swift */; };
		7F31E7D029D876EF008CD5C1 /* Main.storyboard in Resources */ = {isa = PBXBuildFile; fileRef = 7F31E7CE29D876EF008CD5C1 /* Main.storyboard */; };
		7F31E7D229D876F0008CD5C1 /* Assets.xcassets in Resources */ = {isa = PBXBuildFile; fileRef = 7F31E7D129D876F0008CD5C1 /* Assets.xcassets */; };
		7F31E7D529D876F0008CD5C1 /* LaunchScreen.storyboard in Resources */ = {isa = PBXBuildFile; fileRef = 7F31E7D329D876F0008CD5C1 /* LaunchScreen.storyboard */; };
		7F31E7E329D87C17008CD5C1 /* User.swift in Sources */ = {isa = PBXBuildFile; fileRef = 7F31E7E229D87C17008CD5C1 /* User.swift */; };
		7F31E7E529D87CA7008CD5C1 /* ViewModel.swift in Sources */ = {isa = PBXBuildFile; fileRef = 7F31E7E429D87CA7008CD5C1 /* ViewModel.swift */; };
		7F31E7E829D87CF7008CD5C1 /* Dynamic.swift in Sources */ = {isa = PBXBuildFile; fileRef = 7F31E7E729D87CF7008CD5C1 /* Dynamic.swift */; };
/* End PBXBuildFile section */

/* Begin PBXFileReference section */
		4013897325838280D976F5AD /* Pods-MVVM_simple.release.xcconfig */ = {isa = PBXFileReference; includeInIndex = 1; lastKnownFileType = text.xcconfig; name = "Pods-MVVM_simple.release.xcconfig"; path = "Target Support Files/Pods-MVVM_simple/Pods-MVVM_simple.release.xcconfig"; sourceTree = "<group>"; };
		7F31E7C529D876EF008CD5C1 /* MVVM_simple.app */ = {isa = PBXFileReference; explicitFileType = wrapper.application; includeInIndex = 0; path = MVVM_simple.app; sourceTree = BUILT_PRODUCTS_DIR; };
		7F31E7C829D876EF008CD5C1 /* AppDelegate.swift */ = {isa = PBXFileReference; lastKnownFileType = sourcecode.swift; path = AppDelegate.swift; sourceTree = "<group>"; };
		7F31E7CA29D876EF008CD5C1 /* SceneDelegate.swift */ = {isa = PBXFileReference; lastKnownFileType = sourcecode.swift; path = SceneDelegate.swift; sourceTree = "<group>"; };
		7F31E7CC29D876EF008CD5C1 /* ViewController.swift */ = {isa = PBXFileReference; lastKnownFileType = sourcecode.swift; path = ViewController.swift; sourceTree = "<group>"; };
		7F31E7CF29D876EF008CD5C1 /* Base */ = {isa = PBXFileReference; lastKnownFileType = file.storyboard; name = Base; path = Base.lproj/Main.storyboard; sourceTree = "<group>"; };
		7F31E7D129D876F0008CD5C1 /* Assets.xcassets */ = {isa = PBXFileReference; lastKnownFileType = folder.assetcatalog; path = Assets.xcassets; sourceTree = "<group>"; };
		7F31E7D429D876F0008CD5C1 /* Base */ = {isa = PBXFileReference; lastKnownFileType = file.storyboard; name = Base; path = Base.lproj/LaunchScreen.storyboard; sourceTree = "<group>"; };
		7F31E7D629D876F0008CD5C1 /* Info.plist */ = {isa = PBXFileReference; lastKnownFileType = text.plist.xml; path = Info.plist; sourceTree = "<group>"; };
		7F31E7E229D87C17008CD5C1 /* User.swift */ = {isa = PBXFileReference; lastKnownFileType = sourcecode.swift; path = User.swift; sourceTree = "<group>"; };
		7F31E7E429D87CA7008CD5C1 /* ViewModel.swift */ = {isa = PBXFileReference; lastKnownFileType = sourcecode.swift; path = ViewModel.swift; sourceTree = "<group>"; };
		7F31E7E729D87CF7008CD5C1 /* Dynamic.swift */ = {isa = PBXFileReference; lastKnownFileType = sourcecode.swift; path = Dynamic.swift; sourceTree = "<group>"; };
		B9B89070D5BC70BDD2103CFF /* Pods_MVVM_simple.framework */ = {isa = PBXFileReference; explicitFileType = wrapper.framework; includeInIndex = 0; path = Pods_MVVM_simple.framework; sourceTree = BUILT_PRODUCTS_DIR; };
		C5FE575E6F72A64C4C208C1A /* Pods-MVVM_simple.debug.xcconfig */ = {isa = PBXFileReference; includeInIndex = 1; lastKnownFileType = text.xcconfig; name = "Pods-MVVM_simple.debug.xcconfig"; path = "Target Support Files/Pods-MVVM_simple/Pods-MVVM_simple.debug.xcconfig"; sourceTree = "<group>"; };
/* End PBXFileReference section */

/* Begin PBXFrameworksBuildPhase section */
		7F31E7C229D876EF008CD5C1 /* Frameworks */ = {
			isa = PBXFrameworksBuildPhase;
			buildActionMask = 2147483647;
			files = (
				1753939805DF09F18CC394BA /* Pods_MVVM_simple.framework in Frameworks */,
			);
			runOnlyForDeploymentPostprocessing = 0;
		};
/* End PBXFrameworksBuildPhase section */

/* Begin PBXGroup section */
		723767B1369770C48E4AC5B6 /* Frameworks */ = {
			isa = PBXGroup;
			children = (
				B9B89070D5BC70BDD2103CFF /* Pods_MVVM_simple.framework */,
			);
			name = Frameworks;
			sourceTree = "<group>";
		};
		7F31E7BC29D876EF008CD5C1 = {
			isa = PBXGroup;
			children = (
				7F31E7C729D876EF008CD5C1 /* MVVM_simple */,
				7F31E7C629D876EF008CD5C1 /* Products */,
				CD60BE724774CE034F212EA4 /* Pods */,
				723767B1369770C48E4AC5B6 /* Frameworks */,
			);
			sourceTree = "<group>";
		};
		7F31E7C629D876EF008CD5C1 /* Products */ = {
			isa = PBXGroup;
			children = (
				7F31E7C529D876EF008CD5C1 /* MVVM_simple.app */,
			);
			name = Products;
			sourceTree = "<group>";
		};
		7F31E7C729D876EF008CD5C1 /* MVVM_simple */ = {
			isa = PBXGroup;
			children = (
				7F31E7DE29D87B56008CD5C1 /* Models */,
				7F31E7DC29D87B39008CD5C1 /* Views */,
				7F31E7DD29D87B44008CD5C1 /* ViewModels */,
				7F31E7E029D87BBC008CD5C1 /* Application */,
				7F31E7DF29D87B91008CD5C1 /* Resources */,
			);
			path = MVVM_simple;
			sourceTree = "<group>";
		};
		7F31E7DC29D87B39008CD5C1 /* Views */ = {
			isa = PBXGroup;
			children = (
				7F31E7CC29D876EF008CD5C1 /* ViewController.swift */,
				7F31E7E129D87BEA008CD5C1 /* Storyboards */,
			);
			path = Views;
			sourceTree = "<group>";
		};
		7F31E7DD29D87B44008CD5C1 /* ViewModels */ = {
			isa = PBXGroup;
			children = (
				7F31E7E629D87CE2008CD5C1 /* Bindings */,
				7F31E7E429D87CA7008CD5C1 /* ViewModel.swift */,
			);
			path = ViewModels;
			sourceTree = "<group>";
		};
		7F31E7DE29D87B56008CD5C1 /* Models */ = {
			isa = PBXGroup;
			children = (
				7F31E7E229D87C17008CD5C1 /* User.swift */,
			);
			path = Models;
			sourceTree = "<group>";
		};
		7F31E7DF29D87B91008CD5C1 /* Resources */ = {
			isa = PBXGroup;
			children = (
				7F31E7D129D876F0008CD5C1 /* Assets.xcassets */,
			);
			path = Resources;
			sourceTree = "<group>";
		};
		7F31E7E029D87BBC008CD5C1 /* Application */ = {
			isa = PBXGroup;
			children = (
				7F31E7D629D876F0008CD5C1 /* Info.plist */,
				7F31E7C829D876EF008CD5C1 /* AppDelegate.swift */,
				7F31E7CA29D876EF008CD5C1 /* SceneDelegate.swift */,
			);
			path = Application;
			sourceTree = "<group>";
		};
		7F31E7E129D87BEA008CD5C1 /* Storyboards */ = {
			isa = PBXGroup;
			children = (
				7F31E7CE29D876EF008CD5C1 /* Main.storyboard */,
				7F31E7D329D876F0008CD5C1 /* LaunchScreen.storyboard */,
			);
			path = Storyboards;
			sourceTree = "<group>";
		};
		7F31E7E629D87CE2008CD5C1 /* Bindings */ = {
			isa = PBXGroup;
			children = (
				7F31E7E729D87CF7008CD5C1 /* Dynamic.swift */,
			);
			path = Bindings;
			sourceTree = "<group>";
		};
		CD60BE724774CE034F212EA4 /* Pods */ = {
			isa = PBXGroup;
			children = (
				C5FE575E6F72A64C4C208C1A /* Pods-MVVM_simple.debug.xcconfig */,
				4013897325838280D976F5AD /* Pods-MVVM_simple.release.xcconfig */,
			);
			path = Pods;
			sourceTree = "<group>";
		};
/* End PBXGroup section */

/* Begin PBXNativeTarget section */
		7F31E7C429D876EF008CD5C1 /* MVVM_simple */ = {
			isa = PBXNativeTarget;
			buildConfigurationList = 7F31E7D929D876F0008CD5C1 /* Build configuration list for PBXNativeTarget "MVVM_simple" */;
			buildPhases = (
				7F0C681C29D893D400819DEA /* SwiftLint */,
				1FDFC8E35E1E7F06D36CCF0A /* [CP] Check Pods Manifest.lock */,
				7F31E7C129D876EF008CD5C1 /* Sources */,
				7F31E7C229D876EF008CD5C1 /* Frameworks */,
				7F31E7C329D876EF008CD5C1 /* Resources */,
			);
			buildRules = (
			);
			dependencies = (
			);
			name = MVVM_simple;
			productName = MVVM_simple;
			productReference = 7F31E7C529D876EF008CD5C1 /* MVVM_simple.app */;
			productType = "com.apple.product-type.application";
		};
/* End PBXNativeTarget section */

/* Begin PBXProject section */
		7F31E7BD29D876EF008CD5C1 /* Project object */ = {
			isa = PBXProject;
			attributes = {
				BuildIndependentTargetsInParallel = 1;
				LastSwiftUpdateCheck = 1430;
				LastUpgradeCheck = 1430;
				TargetAttributes = {
					7F31E7C429D876EF008CD5C1 = {
						CreatedOnToolsVersion = 14.3;
					};
				};
			};
			buildConfigurationList = 7F31E7C029D876EF008CD5C1 /* Build configuration list for PBXProject "MVVM_simple" */;
			compatibilityVersion = "Xcode 14.0";
			developmentRegion = en;
			hasScannedForEncodings = 0;
			knownRegions = (
				en,
				Base,
			);
			mainGroup = 7F31E7BC29D876EF008CD5C1;
			productRefGroup = 7F31E7C629D876EF008CD5C1 /* Products */;
			projectDirPath = "";
			projectRoot = "";
			targets = (
				7F31E7C429D876EF008CD5C1 /* MVVM_simple */,
			);
		};
/* End PBXProject section */

/* Begin PBXResourcesBuildPhase section */
		7F31E7C329D876EF008CD5C1 /* Resources */ = {
			isa = PBXResourcesBuildPhase;
			buildActionMask = 2147483647;
			files = (
				7F31E7D529D876F0008CD5C1 /* LaunchScreen.storyboard in Resources */,
				7F31E7D229D876F0008CD5C1 /* Assets.xcassets in Resources */,
				7F31E7D029D876EF008CD5C1 /* Main.storyboard in Resources */,
			);
			runOnlyForDeploymentPostprocessing = 0;
		};
/* End PBXResourcesBuildPhase section */

/* Begin PBXShellScriptBuildPhase section */
		1FDFC8E35E1E7F06D36CCF0A /* [CP] Check Pods Manifest.lock */ = {
			isa = PBXShellScriptBuildPhase;
			buildActionMask = 2147483647;
			files = (
			);
			inputFileListPaths = (
			);
			inputPaths = (
				"${PODS_PODFILE_DIR_PATH}/Podfile.lock",
				"${PODS_ROOT}/Manifest.lock",
			);
			name = "[CP] Check Pods Manifest.lock";
			outputFileListPaths = (
			);
			outputPaths = (
				"$(DERIVED_FILE_DIR)/Pods-MVVM_simple-checkManifestLockResult.txt",
			);
			runOnlyForDeploymentPostprocessing = 0;
			shellPath = /bin/sh;
			shellScript = "diff \"${PODS_PODFILE_DIR_PATH}/Podfile.lock\" \"${PODS_ROOT}/Manifest.lock\" > /dev/null\nif [ $? != 0 ] ; then\n    # print error to STDERR\n    echo \"error: The sandbox is not in sync with the Podfile.lock. Run 'pod install' or update your CocoaPods installation.\" >&2\n    exit 1\nfi\n# This output is used by Xcode 'outputs' to avoid re-running this script phase.\necho \"SUCCESS\" > \"${SCRIPT_OUTPUT_FILE_0}\"\n";
			showEnvVarsInLog = 0;
		};
		7F0C681C29D893D400819DEA /* SwiftLint */ = {
			isa = PBXShellScriptBuildPhase;
			alwaysOutOfDate = 1;
			buildActionMask = 2147483647;
			files = (
			);
			inputFileListPaths = (
			);
			inputPaths = (
			);
			name = SwiftLint;
			outputFileListPaths = (
			);
			outputPaths = (
			);
			runOnlyForDeploymentPostprocessing = 0;
			shellPath = /bin/sh;
			shellScript = "${PODS_ROOT}/SwiftLint/swiftlint\n";
		};
/* End PBXShellScriptBuildPhase section */

/* Begin PBXSourcesBuildPhase section */
		7F31E7C129D876EF008CD5C1 /* Sources */ = {
			isa = PBXSourcesBuildPhase;
			buildActionMask = 2147483647;
			files = (
				7F31E7E529D87CA7008CD5C1 /* ViewModel.swift in Sources */,
				7F31E7E329D87C17008CD5C1 /* User.swift in Sources */,
				7F31E7CD29D876EF008CD5C1 /* ViewController.swift in Sources */,
				7F31E7E829D87CF7008CD5C1 /* Dynamic.swift in Sources */,
				7F31E7C929D876EF008CD5C1 /* AppDelegate.swift in Sources */,
				7F31E7CB29D876EF008CD5C1 /* SceneDelegate.swift in Sources */,
			);
			runOnlyForDeploymentPostprocessing = 0;
		};
/* End PBXSourcesBuildPhase section */

/* Begin PBXVariantGroup section */
		7F31E7CE29D876EF008CD5C1 /* Main.storyboard */ = {
			isa = PBXVariantGroup;
			children = (
				7F31E7CF29D876EF008CD5C1 /* Base */,
			);
			name = Main.storyboard;
			sourceTree = "<group>";
		};
		7F31E7D329D876F0008CD5C1 /* LaunchScreen.storyboard */ = {
			isa = PBXVariantGroup;
			children = (
				7F31E7D429D876F0008CD5C1 /* Base */,
			);
			name = LaunchScreen.storyboard;
			sourceTree = "<group>";
		};
/* End PBXVariantGroup section */

/* Begin XCBuildConfiguration section */
		7F31E7D729D876F0008CD5C1 /* Debug */ = {
			isa = XCBuildConfiguration;
			buildSettings = {
				ALWAYS_SEARCH_USER_PATHS = NO;
				CLANG_ANALYZER_NONNULL = YES;
				CLANG_ANALYZER_NUMBER_OBJECT_CONVERSION = YES_AGGRESSIVE;
				CLANG_CXX_LANGUAGE_STANDARD = "gnu++20";
				CLANG_ENABLE_MODULES = YES;
				CLANG_ENABLE_OBJC_ARC = YES;
				CLANG_ENABLE_OBJC_WEAK = YES;
				CLANG_WARN_BLOCK_CAPTURE_AUTORELEASING = YES;
				CLANG_WARN_BOOL_CONVERSION = YES;
				CLANG_WARN_COMMA = YES;
				CLANG_WARN_CONSTANT_CONVERSION = YES;
				CLANG_WARN_DEPRECATED_OBJC_IMPLEMENTATIONS = YES;
				CLANG_WARN_DIRECT_OBJC_ISA_USAGE = YES_ERROR;
				CLANG_WARN_DOCUMENTATION_COMMENTS = YES;
				CLANG_WARN_EMPTY_BODY = YES;
				CLANG_WARN_ENUM_CONVERSION = YES;
				CLANG_WARN_INFINITE_RECURSION = YES;
				CLANG_WARN_INT_CONVERSION = YES;
				CLANG_WARN_NON_LITERAL_NULL_CONVERSION = YES;
				CLANG_WARN_OBJC_IMPLICIT_RETAIN_SELF = YES;
				CLANG_WARN_OBJC_LITERAL_CONVERSION = YES;
				CLANG_WARN_OBJC_ROOT_CLASS = YES_ERROR;
				CLANG_WARN_QUOTED_INCLUDE_IN_FRAMEWORK_HEADER = YES;
				CLANG_WARN_RANGE_LOOP_ANALYSIS = YES;
				CLANG_WARN_STRICT_PROTOTYPES = YES;
				CLANG_WARN_SUSPICIOUS_MOVE = YES;
				CLANG_WARN_UNGUARDED_AVAILABILITY = YES_AGGRESSIVE;
				CLANG_WARN_UNREACHABLE_CODE = YES;
				CLANG_WARN__DUPLICATE_METHOD_MATCH = YES;
				COPY_PHASE_STRIP = NO;
				DEBUG_INFORMATION_FORMAT = dwarf;
				ENABLE_STRICT_OBJC_MSGSEND = YES;
				ENABLE_TESTABILITY = YES;
				GCC_C_LANGUAGE_STANDARD = gnu11;
				GCC_DYNAMIC_NO_PIC = NO;
				GCC_NO_COMMON_BLOCKS = YES;
				GCC_OPTIMIZATION_LEVEL = 0;
				GCC_PREPROCESSOR_DEFINITIONS = (
					"DEBUG=1",
					"$(inherited)",
				);
				GCC_WARN_64_TO_32_BIT_CONVERSION = YES;
				GCC_WARN_ABOUT_RETURN_TYPE = YES_ERROR;
				GCC_WARN_UNDECLARED_SELECTOR = YES;
				GCC_WARN_UNINITIALIZED_AUTOS = YES_AGGRESSIVE;
				GCC_WARN_UNUSED_FUNCTION = YES;
				GCC_WARN_UNUSED_VARIABLE = YES;
				IPHONEOS_DEPLOYMENT_TARGET = 16.4;
				MTL_ENABLE_DEBUG_INFO = INCLUDE_SOURCE;
				MTL_FAST_MATH = YES;
				ONLY_ACTIVE_ARCH = YES;
				SDKROOT = iphoneos;
				SWIFT_ACTIVE_COMPILATION_CONDITIONS = DEBUG;
				SWIFT_OPTIMIZATION_LEVEL = "-Onone";
			};
			name = Debug;
		};
		7F31E7D829D876F0008CD5C1 /* Release */ = {
			isa = XCBuildConfiguration;
			buildSettings = {
				ALWAYS_SEARCH_USER_PATHS = NO;
				CLANG_ANALYZER_NONNULL = YES;
				CLANG_ANALYZER_NUMBER_OBJECT_CONVERSION = YES_AGGRESSIVE;
				CLANG_CXX_LANGUAGE_STANDARD = "gnu++20";
				CLANG_ENABLE_MODULES = YES;
				CLANG_ENABLE_OBJC_ARC = YES;
				CLANG_ENABLE_OBJC_WEAK = YES;
				CLANG_WARN_BLOCK_CAPTURE_AUTORELEASING = YES;
				CLANG_WARN_BOOL_CONVERSION = YES;
				CLANG_WARN_COMMA = YES;
				CLANG_WARN_CONSTANT_CONVERSION = YES;
				CLANG_WARN_DEPRECATED_OBJC_IMPLEMENTATIONS = YES;
				CLANG_WARN_DIRECT_OBJC_ISA_USAGE = YES_ERROR;
				CLANG_WARN_DOCUMENTATION_COMMENTS = YES;
				CLANG_WARN_EMPTY_BODY = YES;
				CLANG_WARN_ENUM_CONVERSION = YES;
				CLANG_WARN_INFINITE_RECURSION = YES;
				CLANG_WARN_INT_CONVERSION = YES;
				CLANG_WARN_NON_LITERAL_NULL_CONVERSION = YES;
				CLANG_WARN_OBJC_IMPLICIT_RETAIN_SELF = YES;
				CLANG_WARN_OBJC_LITERAL_CONVERSION = YES;
				CLANG_WARN_OBJC_ROOT_CLASS = YES_ERROR;
				CLANG_WARN_QUOTED_INCLUDE_IN_FRAMEWORK_HEADER = YES;
				CLANG_WARN_RANGE_LOOP_ANALYSIS = YES;
				CLANG_WARN_STRICT_PROTOTYPES = YES;
				CLANG_WARN_SUSPICIOUS_MOVE = YES;
				CLANG_WARN_UNGUARDED_AVAILABILITY = YES_AGGRESSIVE;
				CLANG_WARN_UNREACHABLE_CODE = YES;
				CLANG_WARN__DUPLICATE_METHOD_MATCH = YES;
				COPY_PHASE_STRIP = NO;
				DEBUG_INFORMATION_FORMAT = "dwarf-with-dsym";
				ENABLE_NS_ASSERTIONS = NO;
				ENABLE_STRICT_OBJC_MSGSEND = YES;
				GCC_C_LANGUAGE_STANDARD = gnu11;
				GCC_NO_COMMON_BLOCKS = YES;
				GCC_WARN_64_TO_32_BIT_CONVERSION = YES;
				GCC_WARN_ABOUT_RETURN_TYPE = YES_ERROR;
				GCC_WARN_UNDECLARED_SELECTOR = YES;
				GCC_WARN_UNINITIALIZED_AUTOS = YES_AGGRESSIVE;
				GCC_WARN_UNUSED_FUNCTION = YES;
				GCC_WARN_UNUSED_VARIABLE = YES;
				IPHONEOS_DEPLOYMENT_TARGET = 16.4;
				MTL_ENABLE_DEBUG_INFO = NO;
				MTL_FAST_MATH = YES;
				SDKROOT = iphoneos;
				SWIFT_COMPILATION_MODE = wholemodule;
				SWIFT_OPTIMIZATION_LEVEL = "-O";
				VALIDATE_PRODUCT = YES;
			};
			name = Release;
		};
		7F31E7DA29D876F0008CD5C1 /* Debug */ = {
			isa = XCBuildConfiguration;
			baseConfigurationReference = C5FE575E6F72A64C4C208C1A /* Pods-MVVM_simple.debug.xcconfig */;
			buildSettings = {
				ASSETCATALOG_COMPILER_APPICON_NAME = AppIcon;
				ASSETCATALOG_COMPILER_GLOBAL_ACCENT_COLOR_NAME = AccentColor;
				CODE_SIGN_STYLE = Automatic;
				CURRENT_PROJECT_VERSION = 1;
				DEVELOPMENT_TEAM = CSS48FCS24;
				GENERATE_INFOPLIST_FILE = YES;
				INFOPLIST_FILE = MVVM_simple/Application/Info.plist;
				INFOPLIST_KEY_UIApplicationSupportsIndirectInputEvents = YES;
				INFOPLIST_KEY_UILaunchStoryboardName = LaunchScreen;
				INFOPLIST_KEY_UIMainStoryboardFile = Main;
				INFOPLIST_KEY_UISupportedInterfaceOrientations_iPad = "UIInterfaceOrientationPortrait UIInterfaceOrientationPortraitUpsideDown UIInterfaceOrientationLandscapeLeft UIInterfaceOrientationLandscapeRight";
				INFOPLIST_KEY_UISupportedInterfaceOrientations_iPhone = "UIInterfaceOrientationPortrait UIInterfaceOrientationLandscapeLeft UIInterfaceOrientationLandscapeRight";
				LD_RUNPATH_SEARCH_PATHS = (
					"$(inherited)",
					"@executable_path/Frameworks",
				);
				MARKETING_VERSION = 1.0;
				PRODUCT_BUNDLE_IDENTIFIER = "git.MVVM-simple";
				PRODUCT_NAME = "$(TARGET_NAME)";
				SWIFT_EMIT_LOC_STRINGS = YES;
				SWIFT_VERSION = 5.0;
				TARGETED_DEVICE_FAMILY = "1,2";
			};
			name = Debug;
		};
		7F31E7DB29D876F0008CD5C1 /* Release */ = {
			isa = XCBuildConfiguration;
			baseConfigurationReference = 4013897325838280D976F5AD /* Pods-MVVM_simple.release.xcconfig */;
			buildSettings = {
				ASSETCATALOG_COMPILER_APPICON_NAME = AppIcon;
				ASSETCATALOG_COMPILER_GLOBAL_ACCENT_COLOR_NAME = AccentColor;
				CODE_SIGN_STYLE = Automatic;
				CURRENT_PROJECT_VERSION = 1;
				DEVELOPMENT_TEAM = CSS48FCS24;
				GENERATE_INFOPLIST_FILE = YES;
				INFOPLIST_FILE = MVVM_simple/Application/Info.plist;
				INFOPLIST_KEY_UIApplicationSupportsIndirectInputEvents = YES;
				INFOPLIST_KEY_UILaunchStoryboardName = LaunchScreen;
				INFOPLIST_KEY_UIMainStoryboardFile = Main;
				INFOPLIST_KEY_UISupportedInterfaceOrientations_iPad = "UIInterfaceOrientationPortrait UIInterfaceOrientationPortraitUpsideDown UIInterfaceOrientationLandscapeLeft UIInterfaceOrientationLandscapeRight";
				INFOPLIST_KEY_UISupportedInterfaceOrientations_iPhone = "UIInterfaceOrientationPortrait UIInterfaceOrientationLandscapeLeft UIInterfaceOrientationLandscapeRight";
				LD_RUNPATH_SEARCH_PATHS = (
					"$(inherited)",
					"@executable_path/Frameworks",
				);
				MARKETING_VERSION = 1.0;
				PRODUCT_BUNDLE_IDENTIFIER = "git.MVVM-simple";
				PRODUCT_NAME = "$(TARGET_NAME)";
				SWIFT_EMIT_LOC_STRINGS = YES;
				SWIFT_VERSION = 5.0;
				TARGETED_DEVICE_FAMILY = "1,2";
			};
			name = Release;
		};
/* End XCBuildConfiguration section */

/* Begin XCConfigurationList section */
		7F31E7C029D876EF008CD5C1 /* Build configuration list for PBXProject "MVVM_simple" */ = {
			isa = XCConfigurationList;
			buildConfigurations = (
				7F31E7D729D876F0008CD5C1 /* Debug */,
				7F31E7D829D876F0008CD5C1 /* Release */,
			);
			defaultConfigurationIsVisible = 0;
			defaultConfigurationName = Release;
		};
		7F31E7D929D876F0008CD5C1 /* Build configuration list for PBXNativeTarget "MVVM_simple" */ = {
			isa = XCConfigurationList;
			buildConfigurations = (
				7F31E7DA29D876F0008CD5C1 /* Debug */,
				7F31E7DB29D876F0008CD5C1 /* Release */,
			);
			defaultConfigurationIsVisible = 0;
			defaultConfigurationName = Release;
		};
/* End XCConfigurationList section */
	};
	rootObject = 7F31E7BD29D876EF008CD5C1 /* Project object */;
}
